{
  "name": "startbootstrap-grayscale",
  "version": "3.3.7+1",
  "lockfileVersion": 1,
  "dependencies": {
    "angular": {
      "version": "1.6.4",
      "resolved": "https://registry.npmjs.org/angular/-/angular-1.6.4.tgz",
      "integrity": "sha1-A7exXAGggC1+LPWTJA5gQFTcd/s="
    },
    "angular-bootstrap-calendar": {
      "version": "0.29.2",
      "resolved": "https://registry.npmjs.org/angular-bootstrap-calendar/-/angular-bootstrap-calendar-0.29.2.tgz",
      "integrity": "sha512-cRmv0ltGAN9qGltf+Y6Jgf6Y9l5OBSqPgNxXF3H8rnm66ZKBkOLHdKdIqy+Dsh1vM7RtwZHdWHGAe7RPRABuRQ=="
    },
    "angular-route": {
      "version": "1.6.4",
      "resolved": "https://registry.npmjs.org/angular-route/-/angular-route-1.6.4.tgz",
      "integrity": "sha1-e7IW/Np0ahuMRSBUsFkApwdOzGI="
    },
    "angular-touch": {
      "version": "1.6.4",
      "resolved": "https://registry.npmjs.org/angular-touch/-/angular-touch-1.6.4.tgz",
      "integrity": "sha1-AnUPzPd8oO2Umm0TISY6uw+GsiM=",
      "optional": true
    },
    "angular-ui-bootstrap": {
      "version": "2.5.0",
      "resolved": "https://registry.npmjs.org/angular-ui-bootstrap/-/angular-ui-bootstrap-2.5.0.tgz",
      "integrity": "sha1-L6zvuRU4ZlXcX0QVAlgDJRcjbQE="
    },
    "angular-ui-calendar": {
      "version": "1.0.2",
      "resolved": "https://registry.npmjs.org/angular-ui-calendar/-/angular-ui-calendar-1.0.2.tgz",
      "integrity": "sha1-+icQV0JVcu+q32ZgJDzDPLmfM8E="
    },
    "bootstrap": {
      "version": "3.3.7",
      "resolved": "https://registry.npmjs.org/bootstrap/-/bootstrap-3.3.7.tgz",
      "integrity": "sha1-WjiTlFSfIzMIdaOxUGVldPip63E=",
      "dev": true
    },
    "fullcalendar": {
      "version": "3.4.0",
      "resolved": "https://registry.npmjs.org/fullcalendar/-/fullcalendar-3.4.0.tgz",
      "integrity": "sha1-NNq/8qvl6F9wAlx4mludw+pMR2I=",
      "dependencies": {
        "jquery": {
          "version": "3.2.1",
          "resolved": "https://registry.npmjs.org/jquery/-/jquery-3.2.1.tgz",
          "integrity": "sha1-XE2d5lKvbNCncBVKYxu6ErAVx4c="
        }
      }
    },
    "interactjs": {
      "version": "1.2.8",
      "resolved": "https://registry.npmjs.org/interactjs/-/interactjs-1.2.8.tgz",
      "integrity": "sha1-8o2cawgwE9quPHfwJiBPndGYPtk="
    },
    "jquery": {
      "version": "1.12.4",
      "resolved": "https://registry.npmjs.org/jquery/-/jquery-1.12.4.tgz",
      "integrity": "sha1-AeHfuikP5z3rp3zurLD5ui/sngw=",
      "dev": true
    },
    "moment": {
      "version": "2.18.1",
      "resolved": "https://registry.npmjs.org/moment/-/moment-2.18.1.tgz",
      "integrity": "sha1-w2GT3Tzhwu7SrbfIAtu8d6gbHA8="
    }
  }
}
